{
  "nodes": {
    "nix-eda": {
      "inputs": {
        "nixpkgs": "nixpkgs"
      },
      "locked": {
        "lastModified": 1789992932,
        "narHash": "sha256-GX7vEo4QdZEDcMIYY8K3fHpTX5w5GglnhK/F7c4HQYA=",
        "owner": "fossi-foundation",
        "repo": "nix-eda",
        "rev": "93b4808044ee1d92eb088f02e90bc9ae0b2bcf46",
        "type": "github"
      },
      "original": {
        "owner": "fossi-foundation",
        "repo": "nix-eda",
        "type": "github"
      }
    },
    "nixpkgs": {
      "locked": {
        "lastModified": 1780734595,
        "narHash": "sha256-DmTfP92QFYRLOGXlMIE54MAgxSJjDWocl3gRNOu72Os=",
        "owner": "nixos",
        "repo": "nixpkgs",
        "rev": "9b696460ac78b5ccfc17c854d8c976f20456e943",
        "type": "github"
      },
      "original": {
        "owner": "nixos",
        "ref": "nixos-26.05",
        "repo": "nixpkgs",
        "type": "github"
      }
    },
    "nixpkgs-slang": {
      "locked": {
        "lastModified": 1790046670,
        "narHash": "sha256-MYiI+CzL0tuWgRPjGsKCDHqYs2T3OzMlMQWOYWG0qso=",
        "owner": "NixOS",
        "repo": "nixpkgs",
        "rev": "6774f7bc253789b113a4f39285dc0fa100abeacc",
        "type": "github"
      },
      "original": {
        "owner": "NixOS",
        "ref": "nixos-unstable",
        "repo": "nixpkgs",
        "type": "github"
      }
    },
    "root": {
      "inputs": {
        "nix-eda": "nix-eda",
        "nixpkgs": [
          "nix-eda",
          "nixpkgs"
        ],
        "nixpkgs-slang": "nixpkgs-slang"
      }
    }
  },
  "root": "root",
  "version": 7
}
